
Microsoft Visual Studio Solution File, Format Version 12.00
# Visual Studio Version 16
VisualStudioVersion = 16.0.30517.126
MinimumVisualStudioVersion = 10.0.40219.1
Project("{FAE04EC0-301F-11D3-BF4B-00C04F79EFBC}") = "PythonCall", "PythonCall\PythonCall.csproj", "{38CB3973-D60C-45FA-9C61-0D974AE1B481}"
EndProject
Global
	GlobalSection(SolutionConfigurationPlatforms) = preSolution
		Debug|Any CPU = Debug|Any CPU
		Release|Any CPU = Release|Any CPU
	EndGlobalSection
	GlobalSection(ProjectConfigurationPlatforms) = postSolution
		{38CB3973-D60C-45FA-9C61-0D974AE1B481}.Debug|Any CPU.ActiveCfg = Debug|Any CPU
		{38CB3973-D60C-45FA-9C61-0D974AE1B481}.Debug|Any CPU.Build.0 = Debug|Any CPU
		{38CB3973-D60C-45FA-9C61-0D974AE1B481}.Release|Any CPU.ActiveCfg = Release|Any CPU
		{38CB3973-D60C-45FA-9C61-0D974AE1B481}.Release|Any CPU.Build.0 = Release|Any CPU
	EndGlobalSection
	GlobalSection(SolutionProperties) = preSolution
		HideSolutionNode = FALSE
	EndGlobalSection
	GlobalSection(ExtensibilityGlobals) = postSolution
		SolutionGuid = {276DAD5F-D843-4D50-B3DD-C0A52805FB6B}
	EndGlobalSection
EndGlobal
